// !$*UTF8*$!
{
	archiveVersion = 1;
	classes = {
	};
	objectVersion = 77;
	objects = {

/* Begin PBXBuildFile section */
		1230EDBCE0005E88E41DCA0A /* NotificationBudgetManager.swift in Sources */ = {isa = PBXBuildFile; fileRef = E82C5582E94EC708AB23EC3C /* NotificationBudgetManager.swift */; };
		130DAB448534E068564236C9 /* CloudKitSchemaInitializer.swift in Sources */ = {isa = PBXBuildFile; fileRef = F73A2173357E7F5DB796F4DC /* CloudKitSchemaInitializer.swift */; };
		14217E6D8E914F2F5A8186C3 /* TaskCandidate.swift in Sources */ = {isa = PBXBuildFile; fileRef = 298ABE4BF44A558DB3CB1AC5 /* TaskCandidate.swift */; };
		17C5E1112DEFF9D3FFFD0980 /* TodayView.swift in Sources */ = {isa = PBXBuildFile; fileRef = C127234D8DA956F5BFCFAC33 /* TodayView.swift */; };
		1819F3D5FBA1F2908DCB9795 /* ContentHashService.swift in Sources */ = {isa = PBXBuildFile; fileRef = 139FAF785AADF42E8A067A2D /* ContentHashService.swift */; };
		206913D72853FD88064ADF48 /* RecurringRuleFormView.swift in Sources */ = {isa = PBXBuildFile; fileRef = 6C9ABBE1DD2072DDC3FFC474 /* RecurringRuleFormView.swift */; };
		2D9247387A9FD8F1DD2CB2F2 /* ClipboardHintBanner.swift in Sources */ = {isa = PBXBuildFile; fileRef = 8B1008263FA48FC05121FEFE /* ClipboardHintBanner.swift */; };
		32F66137671E6BED3FB73E28 /* TaskRepository.swift in Sources */ = {isa = PBXBuildFile; fileRef = A920625ACF0FC4CB0031B76F /* TaskRepository.swift */; };
		3713893D5C153725543B1C8E /* SubjectRepositoryTests.swift in Sources */ = {isa = PBXBuildFile; fileRef = 93879A47E0F2B859403C755F /* SubjectRepositoryTests.swift */; };
		398D168DD7B3E3BC24554D19 /* ImportService.swift in Sources */ = {isa = PBXBuildFile; fileRef = A39D92B1971439EBF352FE70 /* ImportService.swift */; };
		3B5004CEC1B2EDDF598FDD42 /* ParseService.swift in Sources */ = {isa = PBXBuildFile; fileRef = 24C779E96CC08BF05AC1A713 /* ParseService.swift */; };
		419042DE88B24265439C5397 /* KeychainService.swift in Sources */ = {isa = PBXBuildFile; fileRef = 361EF7915C4C23F1BC1315CD /* KeychainService.swift */; };
		4311E34A28CB05167B8335BF /* SettingsView.swift in Sources */ = {isa = PBXBuildFile; fileRef = 21F593280FE88CA68200E391 /* SettingsView.swift */; };
		447220F60EAA7E408C78AD88 /* TaskRowView.swift in Sources */ = {isa = PBXBuildFile; fileRef = 9021F7CA146CB5DE4F38479E /* TaskRowView.swift */; };
		474702CBC8ECC13154224875 /* TodayFlowUITests.swift in Sources */ = {isa = PBXBuildFile; fileRef = 69769326B524C6A6A3E84662 /* TodayFlowUITests.swift */; };
		4E5C356323A6794DF8D092E3 /* ReminderNotificationBuilder.swift in Sources */ = {isa = PBXBuildFile; fileRef = A47A4A5692870DEA7903623C /* ReminderNotificationBuilder.swift */; };
		53F9C6AAE3A4B07CAB756A0D /* OCRService.swift in Sources */ = {isa = PBXBuildFile; fileRef = BE9CD91EE0BC453D503DA41E /* OCRService.swift */; };
		5681721640831E4C1CD9F01A /* RecurringRuleRepository.swift in Sources */ = {isa = PBXBuildFile; fileRef = 6EAF06A5E794EA20D43FC2F5 /* RecurringRuleRepository.swift */; };
		5CF48C159B6AFBF3B2F70941 /* RecurringTaskGenerator.swift in Sources */ = {isa = PBXBuildFile; fileRef = 2E90957C931BA0804381008C /* RecurringTaskGenerator.swift */; };
		710984FA3D31C02FB81B66F7 /* RecurringRule.swift in Sources */ = {isa = PBXBuildFile; fileRef = 5D026F019C6025766D8D8CA3 /* RecurringRule.swift */; };
		73C0B70021C10AB16BC4C40B /* ParseServiceTests.swift in Sources */ = {isa = PBXBuildFile; fileRef = 775D2CEBDAA361AC9F2DC62C /* ParseServiceTests.swift */; };
		7967CAAD76CD9A264DEB8237 /* SubjectDedupeServiceTests.swift in Sources */ = {isa = PBXBuildFile; fileRef = 61571B6DB8215747B378F797 /* SubjectDedupeServiceTests.swift */; };
		79C7DD4CACCACCD6FEA2EC93 /* SubjectManagementView.swift in Sources */ = {isa = PBXBuildFile; fileRef = F5E2D874BDFA81D0AC563DA1 /* SubjectManagementView.swift */; };
		7E003DCB5F2FDFEFA19359B2 /* ImportRecord.swift in Sources */ = {isa = PBXBuildFile; fileRef = 741F1D841D225A712E4C7CBB /* ImportRecord.swift */; };
		7FE9FB433C7F08E81E78E9DF /* ImportRepositoryTests.swift in Sources */ = {isa = PBXBuildFile; fileRef = 05F8C03735B777C2208D98DE /* ImportRepositoryTests.swift */; };
		87D9DD2B397BA63A616E2D04 /* ReminderSettings.swift in Sources */ = {isa = PBXBuildFile; fileRef = 6BD4C7B77540AA4F4DE1DCA7 /* ReminderSettings.swift */; };
		898999166B911BE302982E57 /* SubjectRepository.swift in Sources */ = {isa = PBXBuildFile; fileRef = 434974D873BD577037B28EE6 /* SubjectRepository.swift */; };
		8EADFC8FFF8F430ADC3705C2 /* ManualTaskFormView.swift in Sources */ = {isa = PBXBuildFile; fileRef = A1412481D71904646A4F9ECA /* ManualTaskFormView.swift */; };
		98E95246FAE79EA2998CF8F8 /* TaskCandidateReviewView.swift in Sources */ = {isa = PBXBuildFile; fileRef = D0B2AC00BB75EC07FEE3CD71 /* TaskCandidateReviewView.swift */; };
		9BF6DB00D95004091BF02E6E /* PrivacyInfo.xcprivacy in Resources */ = {isa = PBXBuildFile; fileRef = 1EB2FC7C8A2F33EDE12FDF7B /* PrivacyInfo.xcprivacy */; };
		A79DAB54EFD00859767C3FB6 /* ParsePrompt.swift in Sources */ = {isa = PBXBuildFile; fileRef = DEA4A7FEAF752A2515FAE3AD /* ParsePrompt.swift */; };
		A91D97EBA46B26E075189B52 /* AllTasksView.swift in Sources */ = {isa = PBXBuildFile; fileRef = E298C8379349988841212F46 /* AllTasksView.swift */; };
		AA755E1C7CF5906AC2EF6E1D /* APIKeySettingsView.swift in Sources */ = {isa = PBXBuildFile; fileRef = DE0163467E8A4EA2310D7AD5 /* APIKeySettingsView.swift */; };
		B977733AC05EA3CAF49DD20C /* MainTabView.swift in Sources */ = {isa = PBXBuildFile; fileRef = 5ACCEA7C8CCB8B550148A341 /* MainTabView.swift */; };
		BDADB32D4385A085B0FA51AB /* ImportReviewViewModel.swift in Sources */ = {isa = PBXBuildFile; fileRef = 8D8FF3216FADCD6A13D42162 /* ImportReviewViewModel.swift */; };
		C49BA1297754420EBF3D405B /* TaskEditView.swift in Sources */ = {isa = PBXBuildFile; fileRef = 7F82A02CC5B6A26EB3EF6A76 /* TaskEditView.swift */; };
		C5E269CB4BF94F51DA2FFDCA /* SubjectDedupeService.swift in Sources */ = {isa = PBXBuildFile; fileRef = 5871CFDC7FB8962578CC97D2 /* SubjectDedupeService.swift */; };
		C70FE40E1DECBE65D3D03EAF /* RecurringTaskGeneratorTests.swift in Sources */ = {isa = PBXBuildFile; fileRef = 940692B783EA2E8BAA1AF07F /* RecurringTaskGeneratorTests.swift */; };
		C7D882BF0672AEE421DC9613 /* HomeworkPlanApp.swift in Sources */ = {isa = PBXBuildFile; fileRef = 6F413DF9398A8A4A62AE7DCC /* HomeworkPlanApp.swift */; };
		CAC9D37B42F73F1693801C5F /* NotificationBudgetManagerTests.swift in Sources */ = {isa = PBXBuildFile; fileRef = 2574E5DE1E63713393CC1541 /* NotificationBudgetManagerTests.swift */; };
		D15834413A42BE8461B90A71 /* ContentHashServiceTests.swift in Sources */ = {isa = PBXBuildFile; fileRef = BB800FB72BE1CE208C1F283C /* ContentHashServiceTests.swift */; };
		D2241DBD3E9C99658C2714A8 /* SubjectFormView.swift in Sources */ = {isa = PBXBuildFile; fileRef = 9CED3A95B0BD9603D49937FC /* SubjectFormView.swift */; };
		DB5899B4CD58D78D273FA6D5 /* Subject.swift in Sources */ = {isa = PBXBuildFile; fileRef = B4FCA59DF625517AC1ACD236 /* Subject.swift */; };
		DC301ABAEFC889CAD81EAEE1 /* ReminderService.swift in Sources */ = {isa = PBXBuildFile; fileRef = 26603B36EE0C9EA2213592D0 /* ReminderService.swift */; };
		E42F8242A004D38AE2D68AF6 /* ReminderNotificationID.swift in Sources */ = {isa = PBXBuildFile; fileRef = 5ED6A3917AF6DBA115153530 /* ReminderNotificationID.swift */; };
		E4F20E0694877025983D10DD /* ReminderNotificationBuilderTests.swift in Sources */ = {isa = PBXBuildFile; fileRef = F1B21BA1F7B81B4DB836B879 /* ReminderNotificationBuilderTests.swift */; };
		E65B3E744423A239DA2580D3 /* PasteImportView.swift in Sources */ = {isa = PBXBuildFile; fileRef = EAB6F9BD6AF0FC19170EE1FA /* PasteImportView.swift */; };
		E9CC09A30C1A1B453D9F4B26 /* RecurringRuleRepositoryTests.swift in Sources */ = {isa = PBXBuildFile; fileRef = 8B99A440F98677861C692B0E /* RecurringRuleRepositoryTests.swift */; };
		F179D386D730DDF36DE0A7C1 /* ScreenshotImportView.swift in Sources */ = {isa = PBXBuildFile; fileRef = 56A99C8F7533E6729D67C78C /* ScreenshotImportView.swift */; };
		F1E037606EA963D0A0E20880 /* TaskRepositoryTests.swift in Sources */ = {isa = PBXBuildFile; fileRef = 653F2E519C0B5DB217A07E29 /* TaskRepositoryTests.swift */; };
		F2A628FC5E9E84A33CB8F838 /* ImportSourceType.swift in Sources */ = {isa = PBXBuildFile; fileRef = 4C542EFC6455EDD8EEF7E8D2 /* ImportSourceType.swift */; };
		F38A35ABD2CC40F29E83DB1D /* ImportRepository.swift in Sources */ = {isa = PBXBuildFile; fileRef = 84C2C7185EE12DBD4123EF0D /* ImportRepository.swift */; };
		F54F5FAE76EC8B0145A7E74B /* AllTasksViewModel.swift in Sources */ = {isa = PBXBuildFile; fileRef = A92129A50627949E34126D25 /* AllTasksViewModel.swift */; };
		FA172D8D532A21AC64C97BAA /* ReminderSettingsView.swift in Sources */ = {isa = PBXBuildFile; fileRef = FCB1B16BFF8BBCB0C5B62A8A /* ReminderSettingsView.swift */; };
		FA7E82B480702F5BFA060C22 /* RecurringRulesListView.swift in Sources */ = {isa = PBXBuildFile; fileRef = D667F620B92118917AB94C38 /* RecurringRulesListView.swift */; };
		FB0DD36A8A826A9A309B8C07 /* ImportSourceSheet.swift in Sources */ = {isa = PBXBuildFile; fileRef = F3B1AB2CAF42BA57300FC022 /* ImportSourceSheet.swift */; };
		FB8A88F02EF53213A39840CB /* HomeworkTask.swift in Sources */ = {isa = PBXBuildFile; fileRef = C712162A605C3D198A6092EF /* HomeworkTask.swift */; };
		FBDE4328D8FF27A8CD593117 /* AppDependencies.swift in Sources */ = {isa = PBXBuildFile; fileRef = 8D98442211BA45F15FFE82E4 /* AppDependencies.swift */; };
/* End PBXBuildFile section */

/* Begin PBXContainerItemProxy section */
		656804B2B0C4A25BF30D9528 /* PBXContainerItemProxy */ = {
			isa = PBXContainerItemProxy;
			containerPortal = 778508B5730D3FB46ED23A4F /* Project object */;
			proxyType = 1;
			remoteGlobalIDString = 838B8B3AA90C09EABF5D0807;
			remoteInfo = HomeworkPlan;
		};
		BF228966EB41BD6F0FCB183F /* PBXContainerItemProxy */ = {
			isa = PBXContainerItemProxy;
			containerPortal = 778508B5730D3FB46ED23A4F /* Project object */;
			proxyType = 1;
			remoteGlobalIDString = 838B8B3AA90C09EABF5D0807;
			remoteInfo = HomeworkPlan;
		};
/* End PBXContainerItemProxy section */

/* Begin PBXFileReference section */
		05F8C03735B777C2208D98DE /* ImportRepositoryTests.swift */ = {isa = PBXFileReference; lastKnownFileType = sourcecode.swift; path = ImportRepositoryTests.swift; sourceTree = "<group>"; };
		139FAF785AADF42E8A067A2D /* ContentHashService.swift */ = {isa = PBXFileReference; lastKnownFileType = sourcecode.swift; path = ContentHashService.swift; sourceTree = "<group>"; };
		1EB2FC7C8A2F33EDE12FDF7B /* PrivacyInfo.xcprivacy */ = {isa = PBXFileReference; path = PrivacyInfo.xcprivacy; sourceTree = "<group>"; };
		21F593280FE88CA68200E391 /* SettingsView.swift */ = {isa = PBXFileReference; lastKnownFileType = sourcecode.swift; path = SettingsView.swift; sourceTree = "<group>"; };
		24C779E96CC08BF05AC1A713 /* ParseService.swift */ = {isa = PBXFileReference; lastKnownFileType = sourcecode.swift; path = ParseService.swift; sourceTree = "<group>"; };
		2574E5DE1E63713393CC1541 /* NotificationBudgetManagerTests.swift */ = {isa = PBXFileReference; lastKnownFileType = sourcecode.swift; path = NotificationBudgetManagerTests.swift; sourceTree = "<group>"; };
		26603B36EE0C9EA2213592D0 /* ReminderService.swift */ = {isa = PBXFileReference; lastKnownFileType = sourcecode.swift; path = ReminderService.swift; sourceTree = "<group>"; };
		298ABE4BF44A558DB3CB1AC5 /* TaskCandidate.swift */ = {isa = PBXFileReference; lastKnownFileType = sourcecode.swift; path = TaskCandidate.swift; sourceTree = "<group>"; };
		2E90957C931BA0804381008C /* RecurringTaskGenerator.swift */ = {isa = PBXFileReference; lastKnownFileType = sourcecode.swift; path = RecurringTaskGenerator.swift; sourceTree = "<group>"; };
		361EF7915C4C23F1BC1315CD /* KeychainService.swift */ = {isa = PBXFileReference; lastKnownFileType = sourcecode.swift; path = KeychainService.swift; sourceTree = "<group>"; };
		434974D873BD577037B28EE6 /* SubjectRepository.swift */ = {isa = PBXFileReference; lastKnownFileType = sourcecode.swift; path = SubjectRepository.swift; sourceTree = "<group>"; };
		4C542EFC6455EDD8EEF7E8D2 /* ImportSourceType.swift */ = {isa = PBXFileReference; lastKnownFileType = sourcecode.swift; path = ImportSourceType.swift; sourceTree = "<group>"; };
		56A99C8F7533E6729D67C78C /* ScreenshotImportView.swift */ = {isa = PBXFileReference; lastKnownFileType = sourcecode.swift; path = ScreenshotImportView.swift; sourceTree = "<group>"; };
		5871CFDC7FB8962578CC97D2 /* SubjectDedupeService.swift */ = {isa = PBXFileReference; lastKnownFileType = sourcecode.swift; path = SubjectDedupeService.swift; sourceTree = "<group>"; };
		5ACCEA7C8CCB8B550148A341 /* MainTabView.swift */ = {isa = PBXFileReference; lastKnownFileType = sourcecode.swift; path = MainTabView.swift; sourceTree = "<group>"; };
		5D026F019C6025766D8D8CA3 /* RecurringRule.swift */ = {isa = PBXFileReference; lastKnownFileType = sourcecode.swift; path = RecurringRule.swift; sourceTree = "<group>"; };
		5ED6A3917AF6DBA115153530 /* ReminderNotificationID.swift */ = {isa = PBXFileReference; lastKnownFileType = sourcecode.swift; path = ReminderNotificationID.swift; sourceTree = "<group>"; };
		61571B6DB8215747B378F797 /* SubjectDedupeServiceTests.swift */ = {isa = PBXFileReference; lastKnownFileType = sourcecode.swift; path = SubjectDedupeServiceTests.swift; sourceTree = "<group>"; };
		653F2E519C0B5DB217A07E29 /* TaskRepositoryTests.swift */ = {isa = PBXFileReference; lastKnownFileType = sourcecode.swift; path = TaskRepositoryTests.swift; sourceTree = "<group>"; };
		69769326B524C6A6A3E84662 /* TodayFlowUITests.swift */ = {isa = PBXFileReference; lastKnownFileType = sourcecode.swift; path = TodayFlowUITests.swift; sourceTree = "<group>"; };
		6BD4C7B77540AA4F4DE1DCA7 /* ReminderSettings.swift */ = {isa = PBXFileReference; lastKnownFileType = sourcecode.swift; path = ReminderSettings.swift; sourceTree = "<group>"; };
		6C9ABBE1DD2072DDC3FFC474 /* RecurringRuleFormView.swift */ = {isa = PBXFileReference; lastKnownFileType = sourcecode.swift; path = RecurringRuleFormView.swift; sourceTree = "<group>"; };
		6EAF06A5E794EA20D43FC2F5 /* RecurringRuleRepository.swift */ = {isa = PBXFileReference; lastKnownFileType = sourcecode.swift; path = RecurringRuleRepository.swift; sourceTree = "<group>"; };
		6F413DF9398A8A4A62AE7DCC /* HomeworkPlanApp.swift */ = {isa = PBXFileReference; lastKnownFileType = sourcecode.swift; path = HomeworkPlanApp.swift; sourceTree = "<group>"; };
		741F1D841D225A712E4C7CBB /* ImportRecord.swift */ = {isa = PBXFileReference; lastKnownFileType = sourcecode.swift; path = ImportRecord.swift; sourceTree = "<group>"; };
		775D2CEBDAA361AC9F2DC62C /* ParseServiceTests.swift */ = {isa = PBXFileReference; lastKnownFileType = sourcecode.swift; path = ParseServiceTests.swift; sourceTree = "<group>"; };
		7F82A02CC5B6A26EB3EF6A76 /* TaskEditView.swift */ = {isa = PBXFileReference; lastKnownFileType = sourcecode.swift; path = TaskEditView.swift; sourceTree = "<group>"; };
		84C2C7185EE12DBD4123EF0D /* ImportRepository.swift */ = {isa = PBXFileReference; lastKnownFileType = sourcecode.swift; path = ImportRepository.swift; sourceTree = "<group>"; };
		8B1008263FA48FC05121FEFE /* ClipboardHintBanner.swift */ = {isa = PBXFileReference; lastKnownFileType = sourcecode.swift; path = ClipboardHintBanner.swift; sourceTree = "<group>"; };
		8B99A440F98677861C692B0E /* RecurringRuleRepositoryTests.swift */ = {isa = PBXFileReference; lastKnownFileType = sourcecode.swift; path = RecurringRuleRepositoryTests.swift; sourceTree = "<group>"; };
		8D8FF3216FADCD6A13D42162 /* ImportReviewViewModel.swift */ = {isa = PBXFileReference; lastKnownFileType = sourcecode.swift; path = ImportReviewViewModel.swift; sourceTree = "<group>"; };
		8D98442211BA45F15FFE82E4 /* AppDependencies.swift */ = {isa = PBXFileReference; lastKnownFileType = sourcecode.swift; path = AppDependencies.swift; sourceTree = "<group>"; };
		9021F7CA146CB5DE4F38479E /* TaskRowView.swift */ = {isa = PBXFileReference; lastKnownFileType = sourcecode.swift; path = TaskRowView.swift; sourceTree = "<group>"; };
		93879A47E0F2B859403C755F /* SubjectRepositoryTests.swift */ = {isa = PBXFileReference; lastKnownFileType = sourcecode.swift; path = SubjectRepositoryTests.swift; sourceTree = "<group>"; };
		940692B783EA2E8BAA1AF07F /* RecurringTaskGeneratorTests.swift */ = {isa = PBXFileReference; lastKnownFileType = sourcecode.swift; path = RecurringTaskGeneratorTests.swift; sourceTree = "<group>"; };
		9CED3A95B0BD9603D49937FC /* SubjectFormView.swift */ = {isa = PBXFileReference; lastKnownFileType = sourcecode.swift; path = SubjectFormView.swift; sourceTree = "<group>"; };
		A1412481D71904646A4F9ECA /* ManualTaskFormView.swift */ = {isa = PBXFileReference; lastKnownFileType = sourcecode.swift; path = ManualTaskFormView.swift; sourceTree = "<group>"; };
		A39D92B1971439EBF352FE70 /* ImportService.swift */ = {isa = PBXFileReference; lastKnownFileType = sourcecode.swift; path = ImportService.swift; sourceTree = "<group>"; };
		A47A4A5692870DEA7903623C /* ReminderNotificationBuilder.swift */ = {isa = PBXFileReference; lastKnownFileType = sourcecode.swift; path = ReminderNotificationBuilder.swift; sourceTree = "<group>"; };
		A920625ACF0FC4CB0031B76F /* TaskRepository.swift */ = {isa = PBXFileReference; lastKnownFileType = sourcecode.swift; path = TaskRepository.swift; sourceTree = "<group>"; };
		A92129A50627949E34126D25 /* AllTasksViewModel.swift */ = {isa = PBXFileReference; lastKnownFileType = sourcecode.swift; path = AllTasksViewModel.swift; sourceTree = "<group>"; };
		B4FCA59DF625517AC1ACD236 /* Subject.swift */ = {isa = PBXFileReference; lastKnownFileType = sourcecode.swift; path = Subject.swift; sourceTree = "<group>"; };
		B8E2314FE1D8037A76EE0C66 /* HomeworkPlan.app */ = {isa = PBXFileReference; includeInIndex = 0; lastKnownFileType = wrapper.application; path = HomeworkPlan.app; sourceTree = BUILT_PRODUCTS_DIR; };
		BB800FB72BE1CE208C1F283C /* ContentHashServiceTests.swift */ = {isa = PBXFileReference; lastKnownFileType = sourcecode.swift; path = ContentHashServiceTests.swift; sourceTree = "<group>"; };
		BE9CD91EE0BC453D503DA41E /* OCRService.swift */ = {isa = PBXFileReference; lastKnownFileType = sourcecode.swift; path = OCRService.swift; sourceTree = "<group>"; };
		C127234D8DA956F5BFCFAC33 /* TodayView.swift */ = {isa = PBXFileReference; lastKnownFileType = sourcecode.swift; path = TodayView.swift; sourceTree = "<group>"; };
		C712162A605C3D198A6092EF /* HomeworkTask.swift */ = {isa = PBXFileReference; lastKnownFileType = sourcecode.swift; path = HomeworkTask.swift; sourceTree = "<group>"; };
		CCB103CD378A02932BA3424C /* HomeworkPlanUITests.xctest */ = {isa = PBXFileReference; includeInIndex = 0; lastKnownFileType = wrapper.cfbundle; path = HomeworkPlanUITests.xctest; sourceTree = BUILT_PRODUCTS_DIR; };
		D0B2AC00BB75EC07FEE3CD71 /* TaskCandidateReviewView.swift */ = {isa = PBXFileReference; lastKnownFileType = sourcecode.swift; path = TaskCandidateReviewView.swift; sourceTree = "<group>"; };
		D667F620B92118917AB94C38 /* RecurringRulesListView.swift */ = {isa = PBXFileReference; lastKnownFileType = sourcecode.swift; path = RecurringRulesListView.swift; sourceTree = "<group>"; };
		DA257A36B030998448BD7880 /* HomeworkPlanTests.xctest */ = {isa = PBXFileReference; includeInIndex = 0; lastKnownFileType = wrapper.cfbundle; path = HomeworkPlanTests.xctest; sourceTree = BUILT_PRODUCTS_DIR; };
		DE0163467E8A4EA2310D7AD5 /* APIKeySettingsView.swift */ = {isa = PBXFileReference; lastKnownFileType = sourcecode.swift; path = APIKeySettingsView.swift; sourceTree = "<group>"; };
		DEA4A7FEAF752A2515FAE3AD /* ParsePrompt.swift */ = {isa = PBXFileReference; lastKnownFileType = sourcecode.swift; path = ParsePrompt.swift; sourceTree = "<group>"; };
		E298C8379349988841212F46 /* AllTasksView.swift */ = {isa = PBXFileReference; lastKnownFileType = sourcecode.swift; path = AllTasksView.swift; sourceTree = "<group>"; };
		E82C5582E94EC708AB23EC3C /* NotificationBudgetManager.swift */ = {isa = PBXFileReference; lastKnownFileType = sourcecode.swift; path = NotificationBudgetManager.swift; sourceTree = "<group>"; };
		EAB6F9BD6AF0FC19170EE1FA /* PasteImportView.swift */ = {isa = PBXFileReference; lastKnownFileType = sourcecode.swift; path = PasteImportView.swift; sourceTree = "<group>"; };
		F1B21BA1F7B81B4DB836B879 /* ReminderNotificationBuilderTests.swift */ = {isa = PBXFileReference; lastKnownFileType = sourcecode.swift; path = ReminderNotificationBuilderTests.swift; sourceTree = "<group>"; };
		F3B1AB2CAF42BA57300FC022 /* ImportSourceSheet.swift */ = {isa = PBXFileReference; lastKnownFileType = sourcecode.swift; path = ImportSourceSheet.swift; sourceTree = "<group>"; };
		F5E2D874BDFA81D0AC563DA1 /* SubjectManagementView.swift */ = {isa = PBXFileReference; lastKnownFileType = sourcecode.swift; path = SubjectManagementView.swift; sourceTree = "<group>"; };
		F73A2173357E7F5DB796F4DC /* CloudKitSchemaInitializer.swift */ = {isa = PBXFileReference; lastKnownFileType = sourcecode.swift; path = CloudKitSchemaInitializer.swift; sourceTree = "<group>"; };
		FCB1B16BFF8BBCB0C5B62A8A /* ReminderSettingsView.swift */ = {isa = PBXFileReference; lastKnownFileType = sourcecode.swift; path = ReminderSettingsView.swift; sourceTree = "<group>"; };
/* End PBXFileReference section */

/* Begin PBXGroup section */
		0AF8DB47AE38FBCAE6014CEE /* HomeworkPlanUITests */ = {
			isa = PBXGroup;
			children = (
				69769326B524C6A6A3E84662 /* TodayFlowUITests.swift */,
			);
			path = HomeworkPlanUITests;
			sourceTree = "<group>";
		};
		0F30DE4F8877C519E39B894E /* ViewModels */ = {
			isa = PBXGroup;
			children = (
				A92129A50627949E34126D25 /* AllTasksViewModel.swift */,
				8D8FF3216FADCD6A13D42162 /* ImportReviewViewModel.swift */,
			);
			path = ViewModels;
			sourceTree = "<group>";
		};
		1731F32BC7F229A479AB66BA /* Models */ = {
			isa = PBXGroup;
			children = (
				C712162A605C3D198A6092EF /* HomeworkTask.swift */,
				741F1D841D225A712E4C7CBB /* ImportRecord.swift */,
				4C542EFC6455EDD8EEF7E8D2 /* ImportSourceType.swift */,
				5D026F019C6025766D8D8CA3 /* RecurringRule.swift */,
				B4FCA59DF625517AC1ACD236 /* Subject.swift */,
				298ABE4BF44A558DB3CB1AC5 /* TaskCandidate.swift */,
			);
			path = Models;
			sourceTree = "<group>";
		};
		1794F5FD037922965AB68D51 /* HomeworkPlanTests */ = {
			isa = PBXGroup;
			children = (
				BB800FB72BE1CE208C1F283C /* ContentHashServiceTests.swift */,
				05F8C03735B777C2208D98DE /* ImportRepositoryTests.swift */,
				2574E5DE1E63713393CC1541 /* NotificationBudgetManagerTests.swift */,
				775D2CEBDAA361AC9F2DC62C /* ParseServiceTests.swift */,
				8B99A440F98677861C692B0E /* RecurringRuleRepositoryTests.swift */,
				940692B783EA2E8BAA1AF07F /* RecurringTaskGeneratorTests.swift */,
				F1B21BA1F7B81B4DB836B879 /* ReminderNotificationBuilderTests.swift */,
				61571B6DB8215747B378F797 /* SubjectDedupeServiceTests.swift */,
				93879A47E0F2B859403C755F /* SubjectRepositoryTests.swift */,
				653F2E519C0B5DB217A07E29 /* TaskRepositoryTests.swift */,
			);
			path = HomeworkPlanTests;
			sourceTree = "<group>";
		};
		18B47C656239CC0150FF6BBF /* Resources */ = {
			isa = PBXGroup;
			children = (
				1EB2FC7C8A2F33EDE12FDF7B /* PrivacyInfo.xcprivacy */,
			);
			path = Resources;
			sourceTree = "<group>";
		};
		1D56B3C485130FA1BD1DDDE1 = {
			isa = PBXGroup;
			children = (
				2A0AFDE6A35458A10381F2F9 /* App */,
				D61C54B081335B638B53A62D /* homeworkplan */,
				1731F32BC7F229A479AB66BA /* Models */,
				6B8890AEA52767173983A79B /* Repositories */,
				18B47C656239CC0150FF6BBF /* Resources */,
				B673CECECDA3010E187CF1D5 /* Services */,
				0F30DE4F8877C519E39B894E /* ViewModels */,
				B5C4463FC138D41103C6BF55 /* Views */,
				9365EE4ACF294DB730EF28DD /* Products */,
			);
			sourceTree = "<group>";
		};
		215A2645183623C377596460 /* Security */ = {
			isa = PBXGroup;
			children = (
				361EF7915C4C23F1BC1315CD /* KeychainService.swift */,
			);
			path = Security;
			sourceTree = "<group>";
		};
		2A0AFDE6A35458A10381F2F9 /* App */ = {
			isa = PBXGroup;
			children = (
				8D98442211BA45F15FFE82E4 /* AppDependencies.swift */,
				6F413DF9398A8A4A62AE7DCC /* HomeworkPlanApp.swift */,
			);
			path = App;
			sourceTree = "<group>";
		};
		6B8890AEA52767173983A79B /* Repositories */ = {
			isa = PBXGroup;
			children = (
				84C2C7185EE12DBD4123EF0D /* ImportRepository.swift */,
				6EAF06A5E794EA20D43FC2F5 /* RecurringRuleRepository.swift */,
				434974D873BD577037B28EE6 /* SubjectRepository.swift */,
				A920625ACF0FC4CB0031B76F /* TaskRepository.swift */,
			);
			path = Repositories;
			sourceTree = "<group>";
		};
		7BA36D34C0869FAE118A2DC4 /* Settings */ = {
			isa = PBXGroup;
			children = (
				DE0163467E8A4EA2310D7AD5 /* APIKeySettingsView.swift */,
				6C9ABBE1DD2072DDC3FFC474 /* RecurringRuleFormView.swift */,
				D667F620B92118917AB94C38 /* RecurringRulesListView.swift */,
				FCB1B16BFF8BBCB0C5B62A8A /* ReminderSettingsView.swift */,
				9CED3A95B0BD9603D49937FC /* SubjectFormView.swift */,
				F5E2D874BDFA81D0AC563DA1 /* SubjectManagementView.swift */,
			);
			path = Settings;
			sourceTree = "<group>";
		};
		86152258FDCAB5A737B42DE5 /* Tabs */ = {
			isa = PBXGroup;
			children = (
				E298C8379349988841212F46 /* AllTasksView.swift */,
				5ACCEA7C8CCB8B550148A341 /* MainTabView.swift */,
				21F593280FE88CA68200E391 /* SettingsView.swift */,
				C127234D8DA956F5BFCFAC33 /* TodayView.swift */,
			);
			path = Tabs;
			sourceTree = "<group>";
		};
		9365EE4ACF294DB730EF28DD /* Products */ = {
			isa = PBXGroup;
			children = (
				B8E2314FE1D8037A76EE0C66 /* HomeworkPlan.app */,
				DA257A36B030998448BD7880 /* HomeworkPlanTests.xctest */,
				CCB103CD378A02932BA3424C /* HomeworkPlanUITests.xctest */,
			);
			name = Products;
			sourceTree = "<group>";
		};
		AB97E54F2F1621464D13B793 /* Sync */ = {
			isa = PBXGroup;
			children = (
				F73A2173357E7F5DB796F4DC /* CloudKitSchemaInitializer.swift */,
				5871CFDC7FB8962578CC97D2 /* SubjectDedupeService.swift */,
			);
			path = Sync;
			sourceTree = "<group>";
		};
		B5C4463FC138D41103C6BF55 /* Views */ = {
			isa = PBXGroup;
			children = (
				E74F694B94EF67D42817A316 /* Import */,
				7BA36D34C0869FAE118A2DC4 /* Settings */,
				86152258FDCAB5A737B42DE5 /* Tabs */,
				FC8DC5E9803279958C5F4481 /* Tasks */,
			);
			path = Views;
			sourceTree = "<group>";
		};
		B673CECECDA3010E187CF1D5 /* Services */ = {
			isa = PBXGroup;
			children = (
				C217C3D27F53D1EF46162C25 /* Import */,
				F32A92EF3FE335F2007EE4AB /* Reminders */,
				215A2645183623C377596460 /* Security */,
				AB97E54F2F1621464D13B793 /* Sync */,
				2E90957C931BA0804381008C /* RecurringTaskGenerator.swift */,
			);
			path = Services;
			sourceTree = "<group>";
		};
		C217C3D27F53D1EF46162C25 /* Import */ = {
			isa = PBXGroup;
			children = (
				139FAF785AADF42E8A067A2D /* ContentHashService.swift */,
				A39D92B1971439EBF352FE70 /* ImportService.swift */,
				BE9CD91EE0BC453D503DA41E /* OCRService.swift */,
				DEA4A7FEAF752A2515FAE3AD /* ParsePrompt.swift */,
				24C779E96CC08BF05AC1A713 /* ParseService.swift */,
			);
			path = Import;
			sourceTree = "<group>";
		};
		D61C54B081335B638B53A62D /* homeworkplan */ = {
			isa = PBXGroup;
			children = (
				F7EA65E282ED25E5B4B36E4F /* HomeworkPlanTests */,
			);
			name = homeworkplan;
			path = ..;
			sourceTree = "<group>";
		};
		E74F694B94EF67D42817A316 /* Import */ = {
			isa = PBXGroup;
			children = (
				8B1008263FA48FC05121FEFE /* ClipboardHintBanner.swift */,
				F3B1AB2CAF42BA57300FC022 /* ImportSourceSheet.swift */,
				EAB6F9BD6AF0FC19170EE1FA /* PasteImportView.swift */,
				56A99C8F7533E6729D67C78C /* ScreenshotImportView.swift */,
				D0B2AC00BB75EC07FEE3CD71 /* TaskCandidateReviewView.swift */,
			);
			path = Import;
			sourceTree = "<group>";
		};
		F32A92EF3FE335F2007EE4AB /* Reminders */ = {
			isa = PBXGroup;
			children = (
				E82C5582E94EC708AB23EC3C /* NotificationBudgetManager.swift */,
				A47A4A5692870DEA7903623C /* ReminderNotificationBuilder.swift */,
				5ED6A3917AF6DBA115153530 /* ReminderNotificationID.swift */,
				26603B36EE0C9EA2213592D0 /* ReminderService.swift */,
				6BD4C7B77540AA4F4DE1DCA7 /* ReminderSettings.swift */,
			);
			path = Reminders;
			sourceTree = "<group>";
		};
		F7EA65E282ED25E5B4B36E4F /* HomeworkPlanTests */ = {
			isa = PBXGroup;
			children = (
				1794F5FD037922965AB68D51 /* HomeworkPlanTests */,
				0AF8DB47AE38FBCAE6014CEE /* HomeworkPlanUITests */,
			);
			path = HomeworkPlanTests;
			sourceTree = "<group>";
		};
		FC8DC5E9803279958C5F4481 /* Tasks */ = {
			isa = PBXGroup;
			children = (
				A1412481D71904646A4F9ECA /* ManualTaskFormView.swift */,
				7F82A02CC5B6A26EB3EF6A76 /* TaskEditView.swift */,
				9021F7CA146CB5DE4F38479E /* TaskRowView.swift */,
			);
			path = Tasks;
			sourceTree = "<group>";
		};
/* End PBXGroup section */

/* Begin PBXNativeTarget section */
		4BE07569CF7CD019032D539A /* HomeworkPlanUITests */ = {
			isa = PBXNativeTarget;
			buildConfigurationList = 6B0F1ACF4503A1F298891038 /* Build configuration list for PBXNativeTarget "HomeworkPlanUITests" */;
			buildPhases = (
				2F10C9769EAB08C1C2A7CCF1 /* Sources */,
			);
			buildRules = (
			);
			dependencies = (
				FDC0701732B789720B05C1BC /* PBXTargetDependency */,
			);
			name = HomeworkPlanUITests;
			packageProductDependencies = (
			);
			productName = HomeworkPlanUITests;
			productReference = CCB103CD378A02932BA3424C /* HomeworkPlanUITests.xctest */;
			productType = "com.apple.product-type.bundle.ui-testing";
		};
		838B8B3AA90C09EABF5D0807 /* HomeworkPlan */ = {
			isa = PBXNativeTarget;
			buildConfigurationList = 1BC4CD30FE1947594A1F0857 /* Build configuration list for PBXNativeTarget "HomeworkPlan" */;
			buildPhases = (
				C69DD47CE89963ADC4DB6878 /* Sources */,
				5BE9669E298973E5A77066BC /* Resources */,
			);
			buildRules = (
			);
			dependencies = (
			);
			name = HomeworkPlan;
			packageProductDependencies = (
			);
			productName = HomeworkPlan;
			productReference = B8E2314FE1D8037A76EE0C66 /* HomeworkPlan.app */;
			productType = "com.apple.product-type.application";
		};
		A0F25EB4D5CF89F279622AD4 /* HomeworkPlanTests */ = {
			isa = PBXNativeTarget;
			buildConfigurationList = 7159EC7309963F73F6BADE7C /* Build configuration list for PBXNativeTarget "HomeworkPlanTests" */;
			buildPhases = (
				3879D1A2A892BDD1EB03D479 /* Sources */,
			);
			buildRules = (
			);
			dependencies = (
				633C4DE4DA502CEFAFC6735E /* PBXTargetDependency */,
			);
			name = HomeworkPlanTests;
			packageProductDependencies = (
			);
			productName = HomeworkPlanTests;
			productReference = DA257A36B030998448BD7880 /* HomeworkPlanTests.xctest */;
			productType = "com.apple.product-type.bundle.unit-test";
		};
/* End PBXNativeTarget section */

/* Begin PBXProject section */
		778508B5730D3FB46ED23A4F /* Project object */ = {
			isa = PBXProject;
			attributes = {
				BuildIndependentTargetsInParallel = YES;
				LastUpgradeCheck = 1430;
				TargetAttributes = {
					4BE07569CF7CD019032D539A = {
						TestTargetID = 838B8B3AA90C09EABF5D0807;
					};
				};
			};
			buildConfigurationList = 93EEC37014007856D069A36D /* Build configuration list for PBXProject "HomeworkPlan" */;
			developmentRegion = en;
			hasScannedForEncodings = 0;
			knownRegions = (
				Base,
				en,
			);
			mainGroup = 1D56B3C485130FA1BD1DDDE1;
			minimizedProjectReferenceProxies = 1;
			preferredProjectObjectVersion = 77;
			productRefGroup = 9365EE4ACF294DB730EF28DD /* Products */;
			projectDirPath = "";
			projectRoot = "";
			targets = (
				838B8B3AA90C09EABF5D0807 /* HomeworkPlan */,
				A0F25EB4D5CF89F279622AD4 /* HomeworkPlanTests */,
				4BE07569CF7CD019032D539A /* HomeworkPlanUITests */,
			);
		};
/* End PBXProject section */

/* Begin PBXResourcesBuildPhase section */
		5BE9669E298973E5A77066BC /* Resources */ = {
			isa = PBXResourcesBuildPhase;
			buildActionMask = 2147483647;
			files = (
				9BF6DB00D95004091BF02E6E /* PrivacyInfo.xcprivacy in Resources */,
			);
			runOnlyForDeploymentPostprocessing = 0;
		};
/* End PBXResourcesBuildPhase section */

/* Begin PBXSourcesBuildPhase section */
		2F10C9769EAB08C1C2A7CCF1 /* Sources */ = {
			isa = PBXSourcesBuildPhase;
			buildActionMask = 2147483647;
			files = (
				474702CBC8ECC13154224875 /* TodayFlowUITests.swift in Sources */,
			);
			runOnlyForDeploymentPostprocessing = 0;
		};
		3879D1A2A892BDD1EB03D479 /* Sources */ = {
			isa = PBXSourcesBuildPhase;
			buildActionMask = 2147483647;
			files = (
				D15834413A42BE8461B90A71 /* ContentHashServiceTests.swift in Sources */,
				7FE9FB433C7F08E81E78E9DF /* ImportRepositoryTests.swift in Sources */,
				CAC9D37B42F73F1693801C5F /* NotificationBudgetManagerTests.swift in Sources */,
				73C0B70021C10AB16BC4C40B /* ParseServiceTests.swift in Sources */,
				E9CC09A30C1A1B453D9F4B26 /* RecurringRuleRepositoryTests.swift in Sources */,
				C70FE40E1DECBE65D3D03EAF /* RecurringTaskGeneratorTests.swift in Sources */,
				E4F20E0694877025983D10DD /* ReminderNotificationBuilderTests.swift in Sources */,
				7967CAAD76CD9A264DEB8237 /* SubjectDedupeServiceTests.swift in Sources */,
				3713893D5C153725543B1C8E /* SubjectRepositoryTests.swift in Sources */,
				F1E037606EA963D0A0E20880 /* TaskRepositoryTests.swift in Sources */,
			);
			runOnlyForDeploymentPostprocessing = 0;
		};
		C69DD47CE89963ADC4DB6878 /* Sources */ = {
			isa = PBXSourcesBuildPhase;
			buildActionMask = 2147483647;
			files = (
				AA755E1C7CF5906AC2EF6E1D /* APIKeySettingsView.swift in Sources */,
				A91D97EBA46B26E075189B52 /* AllTasksView.swift in Sources */,
				F54F5FAE76EC8B0145A7E74B /* AllTasksViewModel.swift in Sources */,
				FBDE4328D8FF27A8CD593117 /* AppDependencies.swift in Sources */,
				2D9247387A9FD8F1DD2CB2F2 /* ClipboardHintBanner.swift in Sources */,
				130DAB448534E068564236C9 /* CloudKitSchemaInitializer.swift in Sources */,
				1819F3D5FBA1F2908DCB9795 /* ContentHashService.swift in Sources */,
				C7D882BF0672AEE421DC9613 /* HomeworkPlanApp.swift in Sources */,
				FB8A88F02EF53213A39840CB /* HomeworkTask.swift in Sources */,
				7E003DCB5F2FDFEFA19359B2 /* ImportRecord.swift in Sources */,
				F38A35ABD2CC40F29E83DB1D /* ImportRepository.swift in Sources */,
				BDADB32D4385A085B0FA51AB /* ImportReviewViewModel.swift in Sources */,
				398D168DD7B3E3BC24554D19 /* ImportService.swift in Sources */,
				FB0DD36A8A826A9A309B8C07 /* ImportSourceSheet.swift in Sources */,
				F2A628FC5E9E84A33CB8F838 /* ImportSourceType.swift in Sources */,
				419042DE88B24265439C5397 /* KeychainService.swift in Sources */,
				B977733AC05EA3CAF49DD20C /* MainTabView.swift in Sources */,
				8EADFC8FFF8F430ADC3705C2 /* ManualTaskFormView.swift in Sources */,
				1230EDBCE0005E88E41DCA0A /* NotificationBudgetManager.swift in Sources */,
				53F9C6AAE3A4B07CAB756A0D /* OCRService.swift in Sources */,
				A79DAB54EFD00859767C3FB6 /* ParsePrompt.swift in Sources */,
				3B5004CEC1B2EDDF598FDD42 /* ParseService.swift in Sources */,
				E65B3E744423A239DA2580D3 /* PasteImportView.swift in Sources */,
				710984FA3D31C02FB81B66F7 /* RecurringRule.swift in Sources */,
				206913D72853FD88064ADF48 /* RecurringRuleFormView.swift in Sources */,
				5681721640831E4C1CD9F01A /* RecurringRuleRepository.swift in Sources */,
				FA7E82B480702F5BFA060C22 /* RecurringRulesListView.swift in Sources */,
				5CF48C159B6AFBF3B2F70941 /* RecurringTaskGenerator.swift in Sources */,
				4E5C356323A6794DF8D092E3 /* ReminderNotificationBuilder.swift in Sources */,
				E42F8242A004D38AE2D68AF6 /* ReminderNotificationID.swift in Sources */,
				DC301ABAEFC889CAD81EAEE1 /* ReminderService.swift in Sources */,
				87D9DD2B397BA63A616E2D04 /* ReminderSettings.swift in Sources */,
				FA172D8D532A21AC64C97BAA /* ReminderSettingsView.swift in Sources */,
				F179D386D730DDF36DE0A7C1 /* ScreenshotImportView.swift in Sources */,
				4311E34A28CB05167B8335BF /* SettingsView.swift in Sources */,
				DB5899B4CD58D78D273FA6D5 /* Subject.swift in Sources */,
				C5E269CB4BF94F51DA2FFDCA /* SubjectDedupeService.swift in Sources */,
				D2241DBD3E9C99658C2714A8 /* SubjectFormView.swift in Sources */,
				79C7DD4CACCACCD6FEA2EC93 /* SubjectManagementView.swift in Sources */,
				898999166B911BE302982E57 /* SubjectRepository.swift in Sources */,
				14217E6D8E914F2F5A8186C3 /* TaskCandidate.swift in Sources */,
				98E95246FAE79EA2998CF8F8 /* TaskCandidateReviewView.swift in Sources */,
				C49BA1297754420EBF3D405B /* TaskEditView.swift in Sources */,
				32F66137671E6BED3FB73E28 /* TaskRepository.swift in Sources */,
				447220F60EAA7E408C78AD88 /* TaskRowView.swift in Sources */,
				17C5E1112DEFF9D3FFFD0980 /* TodayView.swift in Sources */,
			);
			runOnlyForDeploymentPostprocessing = 0;
		};
/* End PBXSourcesBuildPhase section */

/* Begin PBXTargetDependency section */
		633C4DE4DA502CEFAFC6735E /* PBXTargetDependency */ = {
			isa = PBXTargetDependency;
			target = 838B8B3AA90C09EABF5D0807 /* HomeworkPlan */;
			targetProxy = BF228966EB41BD6F0FCB183F /* PBXContainerItemProxy */;
		};
		FDC0701732B789720B05C1BC /* PBXTargetDependency */ = {
			isa = PBXTargetDependency;
			target = 838B8B3AA90C09EABF5D0807 /* HomeworkPlan */;
			targetProxy = 656804B2B0C4A25BF30D9528 /* PBXContainerItemProxy */;
		};
/* End PBXTargetDependency section */

/* Begin XCBuildConfiguration section */
		584A5E42DB85F1BF528727AB /* Debug */ = {
			isa = XCBuildConfiguration;
			buildSettings = {
				ASSETCATALOG_COMPILER_APPICON_NAME = AppIcon;
				CODE_SIGN_ENTITLEMENTS = HomeworkPlan.entitlements;
				CODE_SIGN_IDENTITY = "iPhone Developer";
				ENABLE_TESTABILITY = YES;
				GENERATE_INFOPLIST_FILE = YES;
				INFOPLIST_KEY_CFBundleDisplayName = HomeworkPlan;
				INFOPLIST_KEY_LSApplicationCategoryType = "public.app-category.education";
				INFOPLIST_KEY_NSPhotoLibraryUsageDescription = "需要访问相册以导入作业截图";
				INFOPLIST_KEY_UIApplicationSceneManifest_Generation = YES;
				INFOPLIST_KEY_UILaunchScreen_Generation = YES;
				INFOPLIST_KEY_UISupportedInterfaceOrientations = UIInterfaceOrientationPortrait;
				LD_RUNPATH_SEARCH_PATHS = (
					"$(inherited)",
					"@executable_path/Frameworks",
				);
				PRODUCT_BUNDLE_IDENTIFIER = app.homeworkplan.HomeworkPlan;
				SDKROOT = iphoneos;
				SWIFT_EMIT_LOC_STRINGS = YES;
				TARGETED_DEVICE_FAMILY = "1,2";
			};
			name = Debug;
		};
		77D6853A6701ED652AF7B524 /* Debug */ = {
			isa = XCBuildConfiguration;
			buildSettings = {
				BUNDLE_LOADER = "$(TEST_HOST)";
				GENERATE_INFOPLIST_FILE = YES;
				LD_RUNPATH_SEARCH_PATHS = (
					"$(inherited)",
					"@executable_path/Frameworks",
					"@loader_path/Frameworks",
				);
				PRODUCT_BUNDLE_IDENTIFIER = app.homeworkplan.HomeworkPlanUITests;
				SDKROOT = iphoneos;
				TARGETED_DEVICE_FAMILY = "1,2";
				TEST_TARGET_NAME = HomeworkPlan;
			};
			name = Debug;
		};
		A73378D4238E2651CC2A7A84 /* Release */ = {
			isa = XCBuildConfiguration;
			buildSettings = {
				BUNDLE_LOADER = "$(TEST_HOST)";
				GENERATE_INFOPLIST_FILE = YES;
				LD_RUNPATH_SEARCH_PATHS = (
					"$(inherited)",
					"@executable_path/Frameworks",
					"@loader_path/Frameworks",
				);
				PRODUCT_BUNDLE_IDENTIFIER = app.homeworkplan.HomeworkPlanUITests;
				SDKROOT = iphoneos;
				TARGETED_DEVICE_FAMILY = "1,2";
				TEST_TARGET_NAME = HomeworkPlan;
			};
			name = Release;
		};
		E033A6402D47DA6419F146AA /* Release */ = {
			isa = XCBuildConfiguration;
			buildSettings = {
				ASSETCATALOG_COMPILER_APPICON_NAME = AppIcon;
				CODE_SIGN_ENTITLEMENTS = HomeworkPlan.entitlements;
				CODE_SIGN_IDENTITY = "iPhone Developer";
				ENABLE_TESTABILITY = YES;
				GENERATE_INFOPLIST_FILE = YES;
				INFOPLIST_KEY_CFBundleDisplayName = HomeworkPlan;
				INFOPLIST_KEY_LSApplicationCategoryType = "public.app-category.education";
				INFOPLIST_KEY_NSPhotoLibraryUsageDescription = "需要访问相册以导入作业截图";
				INFOPLIST_KEY_UIApplicationSceneManifest_Generation = YES;
				INFOPLIST_KEY_UILaunchScreen_Generation = YES;
				INFOPLIST_KEY_UISupportedInterfaceOrientations = UIInterfaceOrientationPortrait;
				LD_RUNPATH_SEARCH_PATHS = (
					"$(inherited)",
					"@executable_path/Frameworks",
				);
				PRODUCT_BUNDLE_IDENTIFIER = app.homeworkplan.HomeworkPlan;
				SDKROOT = iphoneos;
				SWIFT_EMIT_LOC_STRINGS = YES;
				TARGETED_DEVICE_FAMILY = "1,2";
			};
			name = Release;
		};
		E1E7B058E83A38B88D0C10CA /* Debug */ = {
			isa = XCBuildConfiguration;
			buildSettings = {
				BUNDLE_LOADER = "$(TEST_HOST)";
				GENERATE_INFOPLIST_FILE = YES;
				LD_RUNPATH_SEARCH_PATHS = (
					"$(inherited)",
					"@executable_path/Frameworks",
					"@loader_path/Frameworks",
				);
				PRODUCT_BUNDLE_IDENTIFIER = app.homeworkplan.HomeworkPlanTests;
				SDKROOT = iphoneos;
				TARGETED_DEVICE_FAMILY = "1,2";
				TEST_HOST = "$(BUILT_PRODUCTS_DIR)/HomeworkPlan.app/HomeworkPlan";
			};
			name = Debug;
		};
		E63750F805ED6F1F478A4675 /* Release */ = {
			isa = XCBuildConfiguration;
			buildSettings = {
				BUNDLE_LOADER = "$(TEST_HOST)";
				GENERATE_INFOPLIST_FILE = YES;
				LD_RUNPATH_SEARCH_PATHS = (
					"$(inherited)",
					"@executable_path/Frameworks",
					"@loader_path/Frameworks",
				);
				PRODUCT_BUNDLE_IDENTIFIER = app.homeworkplan.HomeworkPlanTests;
				SDKROOT = iphoneos;
				TARGETED_DEVICE_FAMILY = "1,2";
				TEST_HOST = "$(BUILT_PRODUCTS_DIR)/HomeworkPlan.app/HomeworkPlan";
			};
			name = Release;
		};
		E8C8D6BB483953064483A9D6 /* Release */ = {
			isa = XCBuildConfiguration;
			buildSettings = {
				ALWAYS_SEARCH_USER_PATHS = NO;
				CLANG_ANALYZER_NONNULL = YES;
				CLANG_ANALYZER_NUMBER_OBJECT_CONVERSION = YES_AGGRESSIVE;
				CLANG_CXX_LANGUAGE_STANDARD = "gnu++14";
				CLANG_CXX_LIBRARY = "libc++";
				CLANG_ENABLE_MODULES = YES;
				CLANG_ENABLE_OBJC_ARC = YES;
				CLANG_ENABLE_OBJC_WEAK = YES;
				CLANG_WARN_BLOCK_CAPTURE_AUTORELEASING = YES;
				CLANG_WARN_BOOL_CONVERSION = YES;
				CLANG_WARN_COMMA = YES;
				CLANG_WARN_CONSTANT_CONVERSION = YES;
				CLANG_WARN_DEPRECATED_OBJC_IMPLEMENTATIONS = YES;
				CLANG_WARN_DIRECT_OBJC_ISA_USAGE = YES_ERROR;
				CLANG_WARN_DOCUMENTATION_COMMENTS = YES;
				CLANG_WARN_EMPTY_BODY = YES;
				CLANG_WARN_ENUM_CONVERSION = YES;
				CLANG_WARN_INFINITE_RECURSION = YES;
				CLANG_WARN_INT_CONVERSION = YES;
				CLANG_WARN_NON_LITERAL_NULL_CONVERSION = YES;
				CLANG_WARN_OBJC_IMPLICIT_RETAIN_SELF = YES;
				CLANG_WARN_OBJC_LITERAL_CONVERSION = YES;
				CLANG_WARN_OBJC_ROOT_CLASS = YES_ERROR;
				CLANG_WARN_QUOTED_INCLUDE_IN_FRAMEWORK_HEADER = YES;
				CLANG_WARN_RANGE_LOOP_ANALYSIS = YES;
				CLANG_WARN_STRICT_PROTOTYPES = YES;
				CLANG_WARN_SUSPICIOUS_MOVE = YES;
				CLANG_WARN_UNGUARDED_AVAILABILITY = YES_AGGRESSIVE;
				CLANG_WARN_UNREACHABLE_CODE = YES;
				CLANG_WARN__DUPLICATE_METHOD_MATCH = YES;
				COPY_PHASE_STRIP = NO;
				DEBUG_INFORMATION_FORMAT = "dwarf-with-dsym";
				ENABLE_NS_ASSERTIONS = NO;
				ENABLE_STRICT_OBJC_MSGSEND = YES;
				GCC_C_LANGUAGE_STANDARD = gnu11;
				GCC_NO_COMMON_BLOCKS = YES;
				GCC_WARN_64_TO_32_BIT_CONVERSION = YES;
				GCC_WARN_ABOUT_RETURN_TYPE = YES_ERROR;
				GCC_WARN_UNDECLARED_SELECTOR = YES;
				GCC_WARN_UNINITIALIZED_AUTOS = YES_AGGRESSIVE;
				GCC_WARN_UNUSED_FUNCTION = YES;
				GCC_WARN_UNUSED_VARIABLE = YES;
				IPHONEOS_DEPLOYMENT_TARGET = 17.0;
				MTL_ENABLE_DEBUG_INFO = NO;
				MTL_FAST_MATH = YES;
				PRODUCT_NAME = "$(TARGET_NAME)";
				SDKROOT = iphoneos;
				SWIFT_COMPILATION_MODE = wholemodule;
				SWIFT_OPTIMIZATION_LEVEL = "-O";
				SWIFT_VERSION = 5.0;
			};
			name = Release;
		};
		FE7A0A811865B08673BA46F5 /* Debug */ = {
			isa = XCBuildConfiguration;
			buildSettings = {
				ALWAYS_SEARCH_USER_PATHS = NO;
				CLANG_ANALYZER_NONNULL = YES;
				CLANG_ANALYZER_NUMBER_OBJECT_CONVERSION = YES_AGGRESSIVE;
				CLANG_CXX_LANGUAGE_STANDARD = "gnu++14";
				CLANG_CXX_LIBRARY = "libc++";
				CLANG_ENABLE_MODULES = YES;
				CLANG_ENABLE_OBJC_ARC = YES;
				CLANG_ENABLE_OBJC_WEAK = YES;
				CLANG_WARN_BLOCK_CAPTURE_AUTORELEASING = YES;
				CLANG_WARN_BOOL_CONVERSION = YES;
				CLANG_WARN_COMMA = YES;
				CLANG_WARN_CONSTANT_CONVERSION = YES;
				CLANG_WARN_DEPRECATED_OBJC_IMPLEMENTATIONS = YES;
				CLANG_WARN_DIRECT_OBJC_ISA_USAGE = YES_ERROR;
				CLANG_WARN_DOCUMENTATION_COMMENTS = YES;
				CLANG_WARN_EMPTY_BODY = YES;
				CLANG_WARN_ENUM_CONVERSION = YES;
				CLANG_WARN_INFINITE_RECURSION = YES;
				CLANG_WARN_INT_CONVERSION = YES;
				CLANG_WARN_NON_LITERAL_NULL_CONVERSION = YES;
				CLANG_WARN_OBJC_IMPLICIT_RETAIN_SELF = YES;
				CLANG_WARN_OBJC_LITERAL_CONVERSION = YES;
				CLANG_WARN_OBJC_ROOT_CLASS = YES_ERROR;
				CLANG_WARN_QUOTED_INCLUDE_IN_FRAMEWORK_HEADER = YES;
				CLANG_WARN_RANGE_LOOP_ANALYSIS = YES;
				CLANG_WARN_STRICT_PROTOTYPES = YES;
				CLANG_WARN_SUSPICIOUS_MOVE = YES;
				CLANG_WARN_UNGUARDED_AVAILABILITY = YES_AGGRESSIVE;
				CLANG_WARN_UNREACHABLE_CODE = YES;
				CLANG_WARN__DUPLICATE_METHOD_MATCH = YES;
				COPY_PHASE_STRIP = NO;
				DEBUG_INFORMATION_FORMAT = dwarf;
				ENABLE_STRICT_OBJC_MSGSEND = YES;
				ENABLE_TESTABILITY = YES;
				GCC_C_LANGUAGE_STANDARD = gnu11;
				GCC_DYNAMIC_NO_PIC = NO;
				GCC_NO_COMMON_BLOCKS = YES;
				GCC_OPTIMIZATION_LEVEL = 0;
				GCC_PREPROCESSOR_DEFINITIONS = (
					"$(inherited)",
					"DEBUG=1",
				);
				GCC_WARN_64_TO_32_BIT_CONVERSION = YES;
				GCC_WARN_ABOUT_RETURN_TYPE = YES_ERROR;
				GCC_WARN_UNDECLARED_SELECTOR = YES;
				GCC_WARN_UNINITIALIZED_AUTOS = YES_AGGRESSIVE;
				GCC_WARN_UNUSED_FUNCTION = YES;
				GCC_WARN_UNUSED_VARIABLE = YES;
				IPHONEOS_DEPLOYMENT_TARGET = 17.0;
				MTL_ENABLE_DEBUG_INFO = INCLUDE_SOURCE;
				MTL_FAST_MATH = YES;
				ONLY_ACTIVE_ARCH = YES;
				PRODUCT_NAME = "$(TARGET_NAME)";
				SDKROOT = iphoneos;
				SWIFT_ACTIVE_COMPILATION_CONDITIONS = DEBUG;
				SWIFT_OPTIMIZATION_LEVEL = "-Onone";
				SWIFT_VERSION = 5.0;
			};
			name = Debug;
		};
/* End XCBuildConfiguration section */

/* Begin XCConfigurationList section */
		1BC4CD30FE1947594A1F0857 /* Build configuration list for PBXNativeTarget "HomeworkPlan" */ = {
			isa = XCConfigurationList;
			buildConfigurations = (
				584A5E42DB85F1BF528727AB /* Debug */,
				E033A6402D47DA6419F146AA /* Release */,
			);
			defaultConfigurationIsVisible = 0;
			defaultConfigurationName = Debug;
		};
		6B0F1ACF4503A1F298891038 /* Build configuration list for PBXNativeTarget "HomeworkPlanUITests" */ = {
			isa = XCConfigurationList;
			buildConfigurations = (
				77D6853A6701ED652AF7B524 /* Debug */,
				A73378D4238E2651CC2A7A84 /* Release */,
			);
			defaultConfigurationIsVisible = 0;
			defaultConfigurationName = Debug;
		};
		7159EC7309963F73F6BADE7C /* Build configuration list for PBXNativeTarget "HomeworkPlanTests" */ = {
			isa = XCConfigurationList;
			buildConfigurations = (
				E1E7B058E83A38B88D0C10CA /* Debug */,
				E63750F805ED6F1F478A4675 /* Release */,
			);
			defaultConfigurationIsVisible = 0;
			defaultConfigurationName = Debug;
		};
		93EEC37014007856D069A36D /* Build configuration list for PBXProject "HomeworkPlan" */ = {
			isa = XCConfigurationList;
			buildConfigurations = (
				FE7A0A811865B08673BA46F5 /* Debug */,
				E8C8D6BB483953064483A9D6 /* Release */,
			);
			defaultConfigurationIsVisible = 0;
			defaultConfigurationName = Debug;
		};
/* End XCConfigurationList section */
	};
	rootObject = 778508B5730D3FB46ED23A4F /* Project object */;
}
